[[package]]
name = "asgiref"
version = "3.4.1"
description = "ASGI specs, helper code, and adapters"
category = "main"
optional = false
python-versions = ">=3.6"

[package.extras]
tests = ["pytest", "pytest-asyncio", "mypy (>=0.800)"]

[[package]]
name = "backports.entry-points-selectable"
version = "1.1.0"
description = "Compatibility shim providing selectable entry points for older implementations"
category = "main"
optional = false
python-versions = ">=2.7"

[package.extras]
docs = ["sphinx", "jaraco.packaging (>=8.2)", "rst.linker (>=1.9)"]
testing = ["pytest (>=4.6)", "pytest-flake8", "pytest-cov", "pytest-black (>=0.3.7)", "pytest-mypy", "pytest-checkdocs (>=2.4)", "pytest-enabler (>=1.0.1)"]

[[package]]
name = "certifi"
version = "2021.5.30"
description = "Python package for providing Mozilla's CA Bundle."
category = "main"
optional = false
python-versions = "*"

[[package]]
name = "cffi"
version = "1.14.6"
description = "Foreign Function Interface for Python calling C code."
category = "main"
optional = false
python-versions = "*"

[package.dependencies]
pycparser = "*"

[[package]]
name = "charset-normalizer"
version = "2.0.3"
description = "The Real First Universal Charset Detector. Open, modern and actively maintained alternative to Chardet."
category = "main"
optional = false
python-versions = ">=3.5.0"

[package.extras]
unicode_backport = ["unicodedata2"]

[[package]]
name = "cryptography"
version = "3.4.7"
description = "cryptography is a package which provides cryptographic recipes and primitives to Python developers."
category = "main"
optional = false
python-versions = ">=3.6"

[package.dependencies]
cffi = ">=1.12"

[package.extras]
docs = ["sphinx (>=1.6.5,!=1.8.0,!=3.1.0,!=3.1.1)", "sphinx-rtd-theme"]
docstest = ["doc8", "pyenchant (>=1.6.11)", "twine (>=1.12.0)", "sphinxcontrib-spelling (>=4.0.1)"]
pep8test = ["black", "flake8", "flake8-import-order", "pep8-naming"]
sdist = ["setuptools-rust (>=0.11.4)"]
ssh = ["bcrypt (>=3.1.5)"]
test = ["pytest (>=6.0)", "pytest-cov", "pytest-subtests", "pytest-xdist", "pretend", "iso8601", "pytz", "hypothesis (>=1.11.4,!=3.79.2)"]

[[package]]
name = "distlib"
version = "0.3.2"
description = "Distribution utilities"
category = "main"
optional = false
python-versions = "*"

[[package]]
name = "django"
version = "3.2.5"
description = "A high-level Python Web framework that encourages rapid development and clean, pragmatic design."
category = "main"
optional = false
python-versions = ">=3.6"

[package.dependencies]
asgiref = ">=3.3.2,<4"
pytz = "*"
sqlparse = ">=0.2.2"

[package.extras]
argon2 = ["argon2-cffi (>=19.1.0)"]
bcrypt = ["bcrypt"]

[[package]]
name = "django-rest-knox"
version = "4.1.0"
description = "Authentication for django rest framework"
category = "main"
optional = false
python-versions = "*"

[package.dependencies]
cryptography = "*"
django = "*"
djangorestframework = "*"

[[package]]
name = "django-unixtimestampfield"
version = "0.4.0"
description = "Django Unix timestamp (POSIX type) field"
category = "main"
optional = false
python-versions = "*"

[package.dependencies]
django = ">=2.2"
six = ">=1.14.0"

[[package]]
name = "djangorestframework"
version = "3.12.4"
description = "Web APIs for Django, made easy."
category = "main"
optional = false
python-versions = ">=3.5"

[package.dependencies]
django = ">=2.2"

[[package]]
name = "filelock"
version = "3.0.12"
description = "A platform independent file lock."
category = "main"
optional = false
python-versions = "*"

[[package]]
name = "idna"
version = "3.2"
description = "Internationalized Domain Names in Applications (IDNA)"
category = "main"
optional = false
python-versions = ">=3.5"

[[package]]
name = "platformdirs"
version = "2.1.0"
description = "A small Python module for determining appropriate platform-specific dirs, e.g. a \"user data dir\"."
category = "main"
optional = false
python-versions = ">=3.6"

[package.extras]
docs = ["Sphinx (>=4)", "furo (>=2021.7.5b38)", "proselint (>=0.10.2)", "sphinx-autodoc-typehints (>=1.12)"]
test = ["appdirs (==1.4.4)", "pytest (>=6)", "pytest-cov (>=2.7)", "pytest-mock (>=3.6)"]

[[package]]
name = "pycparser"
version = "2.20"
description = "C parser in Python"
category = "main"
optional = false
python-versions = ">=2.7, !=3.0.*, !=3.1.*, !=3.2.*, !=3.3.*"

[[package]]
name = "python-dateutil"
version = "2.8.2"
description = "Extensions to the standard Python datetime module"
category = "main"
optional = false
python-versions = "!=3.0.*,!=3.1.*,!=3.2.*,>=2.7"

[package.dependencies]
six = ">=1.5"

[[package]]
name = "pytz"
version = "2021.1"
description = "World timezone definitions, modern and historical"
category = "main"
optional = false
python-versions = "*"

[[package]]
name = "requests"
version = "2.26.0"
description = "Python HTTP for Humans."
category = "main"
optional = false
python-versions = ">=2.7, !=3.0.*, !=3.1.*, !=3.2.*, !=3.3.*, !=3.4.*, !=3.5.*"

[package.dependencies]
certifi = ">=2017.4.17"
charset-normalizer = {version = ">=2.0.0,<2.1.0", markers = "python_version >= \"3\""}
idna = {version = ">=2.5,<4", markers = "python_version >= \"3\""}
urllib3 = ">=1.21.1,<1.27"

[package.extras]
socks = ["PySocks (>=1.5.6,!=1.5.7)", "win-inet-pton"]
use_chardet_on_py3 = ["chardet (>=3.0.2,<5)"]

[[package]]
name = "six"
version = "1.16.0"
description = "Python 2 and 3 compatibility utilities"
category = "main"
optional = false
python-versions = ">=2.7, !=3.0.*, !=3.1.*, !=3.2.*"

[[package]]
name = "sqlparse"
version = "0.4.1"
description = "A non-validating SQL parser."
category = "main"
optional = false
python-versions = ">=3.5"

[[package]]
name = "typing-extensions"
version = "3.10.0.0"
description = "Backported and Experimental Type Hints for Python 3.5+"
category = "main"
optional = false
python-versions = "*"

[[package]]
name = "urllib3"
version = "1.26.6"
description = "HTTP library with thread-safe connection pooling, file post, and more."
category = "main"
optional = false
python-versions = ">=2.7, !=3.0.*, !=3.1.*, !=3.2.*, !=3.3.*, !=3.4.*, <4"

[package.extras]
brotli = ["brotlipy (>=0.6.0)"]
secure = ["pyOpenSSL (>=0.14)", "cryptography (>=1.3.4)", "idna (>=2.0.0)", "certifi", "ipaddress"]
socks = ["PySocks (>=1.5.6,!=1.5.7,<2.0)"]

[[package]]
name = "virtualenv"
version = "20.6.0"
description = "Virtual Python Environment builder"
category = "main"
optional = false
python-versions = "!=3.0.*,!=3.1.*,!=3.2.*,!=3.3.*,!=3.4.*,>=2.7"

[package.dependencies]
"backports.entry-points-selectable" = ">=1.0.4"
distlib = ">=0.3.1,<1"
filelock = ">=3.0.0,<4"
platformdirs = ">=2,<3"
six = ">=1.9.0,<2"

[package.extras]
docs = ["proselint (>=0.10.2)", "sphinx (>=3)", "sphinx-argparse (>=0.2.5)", "sphinx-rtd-theme (>=0.4.3)", "towncrier (>=19.9.0rc1)"]
testing = ["coverage (>=4)", "coverage-enable-subprocess (>=1)", "flaky (>=3)", "pytest (>=4)", "pytest-env (>=0.6.2)", "pytest-freezegun (>=0.4.1)", "pytest-mock (>=2)", "pytest-randomly (>=1)", "pytest-timeout (>=1)", "packaging (>=20.0)", "xonsh (>=0.9.16)"]

[metadata]
lock-version = "1.1"
python-versions = "^3.9"
content-hash = "48c184e38f90daf8062d536e2e280af67b7e5995a0d72b3442c317ee1b85d7dd"

[metadata.files]
asgiref = [
    {file = "asgiref-3.4.1-py3-none-any.whl", hash = "sha256:ffc141aa908e6f175673e7b1b3b7af4fdb0ecb738fc5c8b88f69f055c2415214"},
    {file = "asgiref-3.4.1.tar.gz", hash = "sha256:4ef1ab46b484e3c706329cedeff284a5d40824200638503f5768edb6de7d58e9"},
]
"backports.entry-points-selectable" = [
    {file = "backports.entry_points_selectable-1.1.0-py2.py3-none-any.whl", hash = "sha256:a6d9a871cde5e15b4c4a53e3d43ba890cc6861ec1332c9c2428c92f977192acc"},
    {file = "backports.entry_points_selectable-1.1.0.tar.gz", hash = "sha256:988468260ec1c196dab6ae1149260e2f5472c9110334e5d51adcb77867361f6a"},
]
certifi = [
    {file = "certifi-2021.5.30-py2.py3-none-any.whl", hash = "sha256:50b1e4f8446b06f41be7dd6338db18e0990601dce795c2b1686458aa7e8fa7d8"},
    {file = "certifi-2021.5.30.tar.gz", hash = "sha256:2bbf76fd432960138b3ef6dda3dde0544f27cbf8546c458e60baf371917ba9ee"},
]
cffi = [
    {file = "cffi-1.14.6-cp27-cp27m-macosx_10_9_x86_64.whl", hash = "sha256:22b9c3c320171c108e903d61a3723b51e37aaa8c81255b5e7ce102775bd01e2c"},
    {file = "cffi-1.14.6-cp27-cp27m-manylinux1_i686.whl", hash = "sha256:f0c5d1acbfca6ebdd6b1e3eded8d261affb6ddcf2186205518f1428b8569bb99"},
    {file = "cffi-1.14.6-cp27-cp27m-manylinux1_x86_64.whl", hash = "sha256:99f27fefe34c37ba9875f224a8f36e31d744d8083e00f520f133cab79ad5e819"},
    {file = "cffi-1.14.6-cp27-cp27m-win32.whl", hash = "sha256:55af55e32ae468e9946f741a5d51f9896da6b9bf0bbdd326843fec05c730eb20"},
    {file = "cffi-1.14.6-cp27-cp27m-win_amd64.whl", hash = "sha256:7bcac9a2b4fdbed2c16fa5681356d7121ecabf041f18d97ed5b8e0dd38a80224"},
    {file = "cffi-1.14.6-cp27-cp27mu-manylinux1_i686.whl", hash = "sha256:ed38b924ce794e505647f7c331b22a693bee1538fdf46b0222c4717b42f744e7"},
    {file = "cffi-1.14.6-cp27-cp27mu-manylinux1_x86_64.whl", hash = "sha256:e22dcb48709fc51a7b58a927391b23ab37eb3737a98ac4338e2448bef8559b33"},
    {file = "cffi-1.14.6-cp35-cp35m-macosx_10_9_x86_64.whl", hash = "sha256:aedb15f0a5a5949ecb129a82b72b19df97bbbca024081ed2ef88bd5c0a610534"},
    {file = "cffi-1.14.6-cp35-cp35m-manylinux1_i686.whl", hash = "sha256:48916e459c54c4a70e52745639f1db524542140433599e13911b2f329834276a"},
    {file = "cffi-1.14.6-cp35-cp35m-manylinux1_x86_64.whl", hash = "sha256:f627688813d0a4140153ff532537fbe4afea5a3dffce1f9deb7f91f848a832b5"},
    {file = "cffi-1.14.6-cp35-cp35m-win32.whl", hash = "sha256:f0010c6f9d1a4011e429109fda55a225921e3206e7f62a0c22a35344bfd13cca"},
    {file = "cffi-1.14.6-cp35-cp35m-win_amd64.whl", hash = "sha256:57e555a9feb4a8460415f1aac331a2dc833b1115284f7ded7278b54afc5bd218"},
    {file = "cffi-1.14.6-cp36-cp36m-macosx_10_9_x86_64.whl", hash = "sha256:e8c6a99be100371dbb046880e7a282152aa5d6127ae01783e37662ef73850d8f"},
    {file = "cffi-1.14.6-cp36-cp36m-manylinux1_i686.whl", hash = "sha256:19ca0dbdeda3b2615421d54bef8985f72af6e0c47082a8d26122adac81a95872"},
    {file = "cffi-1.14.6-cp36-cp36m-manylinux1_x86_64.whl", hash = "sha256:d950695ae4381ecd856bcaf2b1e866720e4ab9a1498cba61c602e56630ca7195"},
    {file = "cffi-1.14.6-cp36-cp36m-manylinux_2_17_aarch64.manylinux2014_aarch64.whl", hash = "sha256:e9dc245e3ac69c92ee4c167fbdd7428ec1956d4e754223124991ef29eb57a09d"},
    {file = "cffi-1.14.6-cp36-cp36m-manylinux_2_17_ppc64le.manylinux2014_ppc64le.whl", hash = "sha256:a8661b2ce9694ca01c529bfa204dbb144b275a31685a075ce123f12331be790b"},
    {file = "cffi-1.14.6-cp36-cp36m-manylinux_2_17_s390x.manylinux2014_s390x.whl", hash = "sha256:b315d709717a99f4b27b59b021e6207c64620790ca3e0bde636a6c7f14618abb"},
    {file = "cffi-1.14.6-cp36-cp36m-win32.whl", hash = "sha256:80b06212075346b5546b0417b9f2bf467fea3bfe7352f781ffc05a8ab24ba14a"},
    {file = "cffi-1.14.6-cp36-cp36m-win_amd64.whl", hash = "sha256:a9da7010cec5a12193d1af9872a00888f396aba3dc79186604a09ea3ee7c029e"},
    {file = "cffi-1.14.6-cp37-cp37m-macosx_10_9_x86_64.whl", hash = "sha256:4373612d59c404baeb7cbd788a18b2b2a8331abcc84c3ba40051fcd18b17a4d5"},
    {file = "cffi-1.14.6-cp37-cp37m-manylinux1_i686.whl", hash = "sha256:f10afb1004f102c7868ebfe91c28f4a712227fe4cb24974350ace1f90e1febbf"},
    {file = "cffi-1.14.6-cp37-cp37m-manylinux1_x86_64.whl", hash = "sha256:fd4305f86f53dfd8cd3522269ed7fc34856a8ee3709a5e28b2836b2db9d4cd69"},
    {file = "cffi-1.14.6-cp37-cp37m-manylinux_2_17_aarch64.manylinux2014_aarch64.whl", hash = "sha256:6d6169cb3c6c2ad50db5b868db6491a790300ade1ed5d1da29289d73bbe40b56"},
    {file = "cffi-1.14.6-cp37-cp37m-manylinux_2_17_ppc64le.manylinux2014_ppc64le.whl", hash = "sha256:5d4b68e216fc65e9fe4f524c177b54964af043dde734807586cf5435af84045c"},
    {file = "cffi-1.14.6-cp37-cp37m-manylinux_2_17_s390x.manylinux2014_s390x.whl", hash = "sha256:33791e8a2dc2953f28b8d8d300dde42dd929ac28f974c4b4c6272cb2955cb762"},
    {file = "cffi-1.14.6-cp37-cp37m-win32.whl", hash = "sha256:0c0591bee64e438883b0c92a7bed78f6290d40bf02e54c5bf0978eaf36061771"},
    {file = "cffi-1.14.6-cp37-cp37m-win_amd64.whl", hash = "sha256:8eb687582ed7cd8c4bdbff3df6c0da443eb89c3c72e6e5dcdd9c81729712791a"},
    {file = "cffi-1.14.6-cp38-cp38-macosx_10_9_x86_64.whl", hash = "sha256:ba6f2b3f452e150945d58f4badd92310449876c4c954836cfb1803bdd7b422f0"},
    {file = "cffi-1.14.6-cp38-cp38-manylinux1_i686.whl", hash = "sha256:64fda793737bc4037521d4899be780534b9aea552eb673b9833b01f945904c2e"},
    {file = "cffi-1.14.6-cp38-cp38-manylinux1_x86_64.whl", hash = "sha256:9f3e33c28cd39d1b655ed1ba7247133b6f7fc16fa16887b120c0c670e35ce346"},
    {file = "cffi-1.14.6-cp38-cp38-manylinux_2_17_aarch64.manylinux2014_aarch64.whl", hash = "sha256:26bb2549b72708c833f5abe62b756176022a7b9a7f689b571e74c8478ead51dc"},
    {file = "cffi-1.14.6-cp38-cp38-manylinux_2_17_ppc64le.manylinux2014_ppc64le.whl", hash = "sha256:eb687a11f0a7a1839719edd80f41e459cc5366857ecbed383ff376c4e3cc6afd"},
    {file = "cffi-1.14.6-cp38-cp38-manylinux_2_17_s390x.manylinux2014_s390x.whl", hash = "sha256:d2ad4d668a5c0645d281dcd17aff2be3212bc109b33814bbb15c4939f44181cc"},
    {file = "cffi-1.14.6-cp38-cp38-win32.whl", hash = "sha256:487d63e1454627c8e47dd230025780e91869cfba4c753a74fda196a1f6ad6548"},
    {file = "cffi-1.14.6-cp38-cp38-win_amd64.whl", hash = "sha256:c33d18eb6e6bc36f09d793c0dc58b0211fccc6ae5149b808da4a62660678b156"},
    {file = "cffi-1.14.6-cp39-cp39-macosx_10_9_x86_64.whl", hash = "sha256:06c54a68935738d206570b20da5ef2b6b6d92b38ef3ec45c5422c0ebaf338d4d"},
    {file = "cffi-1.14.6-cp39-cp39-manylinux1_i686.whl", hash = "sha256:f174135f5609428cc6e1b9090f9268f5c8935fddb1b25ccb8255a2d50de6789e"},
    {file = "cffi-1.14.6-cp39-cp39-manylinux1_x86_64.whl", hash = "sha256:f3ebe6e73c319340830a9b2825d32eb6d8475c1dac020b4f0aa774ee3b898d1c"},
    {file = "cffi-1.14.6-cp39-cp39-manylinux_2_17_aarch64.manylinux2014_aarch64.whl", hash = "sha256:3c8d896becff2fa653dc4438b54a5a25a971d1f4110b32bd3068db3722c80202"},
    {file = "cffi-1.14.6-cp39-cp39-manylinux_2_17_ppc64le.manylinux2014_ppc64le.whl", hash = "sha256:4922cd707b25e623b902c86188aca466d3620892db76c0bdd7b99a3d5e61d35f"},
    {file = "cffi-1.14.6-cp39-cp39-manylinux_2_17_s390x.manylinux2014_s390x.whl", hash = "sha256:c9e005e9bd57bc987764c32a1bee4364c44fdc11a3cc20a40b93b444984f2b87"},
    {file = "cffi-1.14.6-cp39-cp39-win32.whl", hash = "sha256:eb9e2a346c5238a30a746893f23a9535e700f8192a68c07c0258e7ece6ff3728"},
    {file = "cffi-1.14.6-cp39-cp39-win_amd64.whl", hash = "sha256:818014c754cd3dba7229c0f5884396264d51ffb87ec86e927ef0be140bfdb0d2"},
    {file = "cffi-1.14.6.tar.gz", hash = "sha256:c9a875ce9d7fe32887784274dd533c57909b7b1dcadcc128a2ac21331a9765dd"},
]
charset-normalizer = [
    {file = "charset-normalizer-2.0.3.tar.gz", hash = "sha256:c46c3ace2d744cfbdebceaa3c19ae691f53ae621b39fd7570f59d14fb7f2fd12"},
    {file = "charset_normalizer-2.0.3-py3-none-any.whl", hash = "sha256:88fce3fa5b1a84fdcb3f603d889f723d1dd89b26059d0123ca435570e848d5e1"},
]
cryptography = [
    {file = "cryptography-3.4.7-cp36-abi3-macosx_10_10_x86_64.whl", hash = "sha256:3d8427734c781ea5f1b41d6589c293089704d4759e34597dce91014ac125aad1"},
    {file = "cryptography-3.4.7-cp36-abi3-macosx_11_0_arm64.whl", hash = "sha256:8e56e16617872b0957d1c9742a3f94b43533447fd78321514abbe7db216aa250"},
    {file = "cryptography-3.4.7-cp36-abi3-manylinux2010_x86_64.whl", hash = "sha256:37340614f8a5d2fb9aeea67fd159bfe4f5f4ed535b1090ce8ec428b2f15a11f2"},
    {file = "cryptography-3.4.7-cp36-abi3-manylinux2014_aarch64.whl", hash = "sha256:240f5c21aef0b73f40bb9f78d2caff73186700bf1bc6b94285699aff98cc16c6"},
    {file = "cryptography-3.4.7-cp36-abi3-manylinux2014_x86_64.whl", hash = "sha256:1e056c28420c072c5e3cb36e2b23ee55e260cb04eee08f702e0edfec3fb51959"},
    {file = "cryptography-3.4.7-cp36-abi3-win32.whl", hash = "sha256:0f1212a66329c80d68aeeb39b8a16d54ef57071bf22ff4e521657b27372e327d"},
    {file = "cryptography-3.4.7-cp36-abi3-win_amd64.whl", hash = "sha256:de4e5f7f68220d92b7637fc99847475b59154b7a1b3868fb7385337af54ac9ca"},
    {file = "cryptography-3.4.7-pp36-pypy36_pp73-manylinux2010_x86_64.whl", hash = "sha256:26965837447f9c82f1855e0bc8bc4fb910240b6e0d16a664bb722df3b5b06873"},
    {file = "cryptography-3.4.7-pp36-pypy36_pp73-manylinux2014_x86_64.whl", hash = "sha256:eb8cc2afe8b05acbd84a43905832ec78e7b3873fb124ca190f574dca7389a87d"},
    {file = "cryptography-3.4.7-pp37-pypy37_pp73-manylinux2010_x86_64.whl", hash = "sha256:7ec5d3b029f5fa2b179325908b9cd93db28ab7b85bb6c1db56b10e0b54235177"},
    {file = "cryptography-3.4.7-pp37-pypy37_pp73-manylinux2014_x86_64.whl", hash = "sha256:ee77aa129f481be46f8d92a1a7db57269a2f23052d5f2433b4621bb457081cc9"},
    {file = "cryptography-3.4.7.tar.gz", hash = "sha256:3d10de8116d25649631977cb37da6cbdd2d6fa0e0281d014a5b7d337255ca713"},
]
distlib = [
    {file = "distlib-0.3.2-py2.py3-none-any.whl", hash = "sha256:23e223426b28491b1ced97dc3bbe183027419dfc7982b4fa2f05d5f3ff10711c"},
    {file = "distlib-0.3.2.zip", hash = "sha256:106fef6dc37dd8c0e2c0a60d3fca3e77460a48907f335fa28420463a6f799736"},
]
django = [
    {file = "Django-3.2.5-py3-none-any.whl", hash = "sha256:c58b5f19c5ae0afe6d75cbdd7df561e6eb929339985dbbda2565e1cabb19a62e"},
    {file = "Django-3.2.5.tar.gz", hash = "sha256:3da05fea54fdec2315b54a563d5b59f3b4e2b1e69c3a5841dda35019c01855cd"},
]
django-rest-knox = [
    {file = "django-rest-knox-4.1.0.tar.gz", hash = "sha256:4a57b05b04fcccc41fcc969ad0e3f180467d7045b45003b58f5a437d6d3370d4"},
    {file = "django_rest_knox-4.1.0-py2-none-any.whl", hash = "sha256:f7dac2f7a6ece7c1bd331bdb01dc3d16e0b340f3d1001a7285cc13b171d539a3"},
    {file = "django_rest_knox-4.1.0-py3-none-any.whl", hash = "sha256:e4ac93e6d7dd63af5b58ff19d7f197788a874e932464d77db5630f185365eac0"},
]
django-unixtimestampfield = [
    {file = "django-unixtimestampfield-0.4.0.tar.gz", hash = "sha256:c55362e2371217683cf0c99fa2a5f82e38003908b305c0917bea4fea0264dfb2"},
]
djangorestframework = [
    {file = "djangorestframework-3.12.4-py3-none-any.whl", hash = "sha256:6d1d59f623a5ad0509fe0d6bfe93cbdfe17b8116ebc8eda86d45f6e16e819aaf"},
    {file = "djangorestframework-3.12.4.tar.gz", hash = "sha256:f747949a8ddac876e879190df194b925c177cdeb725a099db1460872f7c0a7f2"},
]
filelock = [
    {file = "filelock-3.0.12-py3-none-any.whl", hash = "sha256:929b7d63ec5b7d6b71b0fa5ac14e030b3f70b75747cef1b10da9b879fef15836"},
    {file = "filelock-3.0.12.tar.gz", hash = "sha256:18d82244ee114f543149c66a6e0c14e9c4f8a1044b5cdaadd0f82159d6a6ff59"},
]
idna = [
    {file = "idna-3.2-py3-none-any.whl", hash = "sha256:14475042e284991034cb48e06f6851428fb14c4dc953acd9be9a5e95c7b6dd7a"},
    {file = "idna-3.2.tar.gz", hash = "sha256:467fbad99067910785144ce333826c71fb0e63a425657295239737f7ecd125f3"},
]
platformdirs = [
    {file = "platformdirs-2.1.0-py3-none-any.whl", hash = "sha256:b2b30ae52404f93e2024e85bba29329b85715d6b2f18ffe90ecd25a5c67553df"},
    {file = "platformdirs-2.1.0.tar.gz", hash = "sha256:1964be5aba107a7ccb7de0e6f1f1bfde0dee51641f0e733028121f8e02e2e16b"},
]
pycparser = [
    {file = "pycparser-2.20-py2.py3-none-any.whl", hash = "sha256:7582ad22678f0fcd81102833f60ef8d0e57288b6b5fb00323d101be910e35705"},
    {file = "pycparser-2.20.tar.gz", hash = "sha256:2d475327684562c3a96cc71adf7dc8c4f0565175cf86b6d7a404ff4c771f15f0"},
]
python-dateutil = [
    {file = "python-dateutil-2.8.2.tar.gz", hash = "sha256:0123cacc1627ae19ddf3c27a5de5bd67ee4586fbdd6440d9748f8abb483d3e86"},
    {file = "python_dateutil-2.8.2-py2.py3-none-any.whl", hash = "sha256:961d03dc3453ebbc59dbdea9e4e11c5651520a876d0f4db161e8674aae935da9"},
]
pytz = [
    {file = "pytz-2021.1-py2.py3-none-any.whl", hash = "sha256:eb10ce3e7736052ed3623d49975ce333bcd712c7bb19a58b9e2089d4057d0798"},
    {file = "pytz-2021.1.tar.gz", hash = "sha256:83a4a90894bf38e243cf052c8b58f381bfe9a7a483f6a9cab140bc7f702ac4da"},
]
requests = [
    {file = "requests-2.26.0-py2.py3-none-any.whl", hash = "sha256:6c1246513ecd5ecd4528a0906f910e8f0f9c6b8ec72030dc9fd154dc1a6efd24"},
    {file = "requests-2.26.0.tar.gz", hash = "sha256:b8aa58f8cf793ffd8782d3d8cb19e66ef36f7aba4353eec859e74678b01b07a7"},
]
six = [
    {file = "six-1.16.0-py2.py3-none-any.whl", hash = "sha256:8abb2f1d86890a2dfb989f9a77cfcfd3e47c2a354b01111771326f8aa26e0254"},
    {file = "six-1.16.0.tar.gz", hash = "sha256:1e61c37477a1626458e36f7b1d82aa5c9b094fa4802892072e49de9c60c4c926"},
]
sqlparse = [
    {file = "sqlparse-0.4.1-py3-none-any.whl", hash = "sha256:017cde379adbd6a1f15a61873f43e8274179378e95ef3fede90b5aa64d304ed0"},
    {file = "sqlparse-0.4.1.tar.gz", hash = "sha256:0f91fd2e829c44362cbcfab3e9ae12e22badaa8a29ad5ff599f9ec109f0454e8"},
]
typing-extensions = [
    {file = "typing_extensions-3.10.0.0-py2-none-any.whl", hash = "sha256:0ac0f89795dd19de6b97debb0c6af1c70987fd80a2d62d1958f7e56fcc31b497"},
    {file = "typing_extensions-3.10.0.0-py3-none-any.whl", hash = "sha256:779383f6086d90c99ae41cf0ff39aac8a7937a9283ce0a414e5dd782f4c94a84"},
    {file = "typing_extensions-3.10.0.0.tar.gz", hash = "sha256:50b6f157849174217d0656f99dc82fe932884fb250826c18350e159ec6cdf342"},
]
urllib3 = [
    {file = "urllib3-1.26.6-py2.py3-none-any.whl", hash = "sha256:39fb8672126159acb139a7718dd10806104dec1e2f0f6c88aab05d17df10c8d4"},
    {file = "urllib3-1.26.6.tar.gz", hash = "sha256:f57b4c16c62fa2760b7e3d97c35b255512fb6b59a259730f36ba32ce9f8e342f"},
]
virtualenv = [
    {file = "virtualenv-20.6.0-py2.py3-none-any.whl", hash = "sha256:e4fc84337dce37ba34ef520bf2d4392b392999dbe47df992870dc23230f6b758"},
    {file = "virtualenv-20.6.0.tar.gz", hash = "sha256:51df5d8a2fad5d1b13e088ff38a433475768ff61f202356bb9812c454c20ae45"},
]
